
Microsoft Visual Studio Solution File, Format Version 12.00
# Visual Studio Version 17
VisualStudioVersion = 17.0.31903.59
MinimumVisualStudioVersion = 10.0.40219.1
Project("{2150E333-8FDC-42A3-9474-1A3956D46DE8}") = "src", "src", "{DEF6E2CD-D27B-45F3-A9EA-0436BAB06AD0}"
EndProject
Project("{FAE04EC0-301F-11D3-BF4B-00C04F79EFBC}") = "AuctionService", "src\AuctionService\AuctionService.csproj", "{DFF167F5-4CD4-4677-BA3D-12FA7AEF1918}"
EndProject
Project("{FAE04EC0-301F-11D3-BF4B-00C04F79EFBC}") = "SearchService", "src\SearchService\SearchService.csproj", "{B570976C-E645-4A9D-85FF-DBAB692A1800}"
EndProject
Project("{FAE04EC0-301F-11D3-BF4B-00C04F79EFBC}") = "Contracts", "src\Contracts\Contracts.csproj", "{9682BD68-7AF7-4D29-B513-7F476CE23C2A}"
EndProject
Project("{FAE04EC0-301F-11D3-BF4B-00C04F79EFBC}") = "IdentityService", "src\IdentityService\IdentityService.csproj", "{7724F28C-3568-4FB7-BC5D-CFAD2E17C473}"
EndProject
Project("{FAE04EC0-301F-11D3-BF4B-00C04F79EFBC}") = "GatewayService", "src\GatewayService\GatewayService.csproj", "{7B6F7E59-9CCD-466E-A6C1-76A4FA81F77E}"
EndProject
Project("{FAE04EC0-301F-11D3-BF4B-00C04F79EFBC}") = "BiddingService", "src\BiddingService\BiddingService.csproj", "{49BF9122-DB10-495F-A11D-F28AFF07E553}"
EndProject
Project("{FAE04EC0-301F-11D3-BF4B-00C04F79EFBC}") = "NotificationService", "src\NotificationService\NotificationService.csproj", "{7740DD55-00FA-4B83-B6BF-7AC6D48303F5}"
EndProject
Global
	GlobalSection(SolutionConfigurationPlatforms) = preSolution
		Debug|Any CPU = Debug|Any CPU
		Release|Any CPU = Release|Any CPU
	EndGlobalSection
	GlobalSection(ProjectConfigurationPlatforms) = postSolution
		{DFF167F5-4CD4-4677-BA3D-12FA7AEF1918}.Debug|Any CPU.ActiveCfg = Debug|Any CPU
		{DFF167F5-4CD4-4677-BA3D-12FA7AEF1918}.Debug|Any CPU.Build.0 = Debug|Any CPU
		{DFF167F5-4CD4-4677-BA3D-12FA7AEF1918}.Release|Any CPU.ActiveCfg = Release|Any CPU
		{DFF167F5-4CD4-4677-BA3D-12FA7AEF1918}.Release|Any CPU.Build.0 = Release|Any CPU
		{B570976C-E645-4A9D-85FF-DBAB692A1800}.Debug|Any CPU.ActiveCfg = Debug|Any CPU
		{B570976C-E645-4A9D-85FF-DBAB692A1800}.Debug|Any CPU.Build.0 = Debug|Any CPU
		{B570976C-E645-4A9D-85FF-DBAB692A1800}.Release|Any CPU.ActiveCfg = Release|Any CPU
		{B570976C-E645-4A9D-85FF-DBAB692A1800}.Release|Any CPU.Build.0 = Release|Any CPU
		{9682BD68-7AF7-4D29-B513-7F476CE23C2A}.Debug|Any CPU.ActiveCfg = Debug|Any CPU
		{9682BD68-7AF7-4D29-B513-7F476CE23C2A}.Debug|Any CPU.Build.0 = Debug|Any CPU
		{9682BD68-7AF7-4D29-B513-7F476CE23C2A}.Release|Any CPU.ActiveCfg = Release|Any CPU
		{9682BD68-7AF7-4D29-B513-7F476CE23C2A}.Release|Any CPU.Build.0 = Release|Any CPU
		{7724F28C-3568-4FB7-BC5D-CFAD2E17C473}.Debug|Any CPU.ActiveCfg = Debug|Any CPU
		{7724F28C-3568-4FB7-BC5D-CFAD2E17C473}.Debug|Any CPU.Build.0 = Debug|Any CPU
		{7724F28C-3568-4FB7-BC5D-CFAD2E17C473}.Release|Any CPU.ActiveCfg = Release|Any CPU
		{7724F28C-3568-4FB7-BC5D-CFAD2E17C473}.Release|Any CPU.Build.0 = Release|Any CPU
		{7B6F7E59-9CCD-466E-A6C1-76A4FA81F77E}.Debug|Any CPU.ActiveCfg = Debug|Any CPU
		{7B6F7E59-9CCD-466E-A6C1-76A4FA81F77E}.Debug|Any CPU.Build.0 = Debug|Any CPU
		{7B6F7E59-9CCD-466E-A6C1-76A4FA81F77E}.Release|Any CPU.ActiveCfg = Release|Any CPU
		{7B6F7E59-9CCD-466E-A6C1-76A4FA81F77E}.Release|Any CPU.Build.0 = Release|Any CPU
		{49BF9122-DB10-495F-A11D-F28AFF07E553}.Debug|Any CPU.ActiveCfg = Debug|Any CPU
		{49BF9122-DB10-495F-A11D-F28AFF07E553}.Debug|Any CPU.Build.0 = Debug|Any CPU
		{49BF9122-DB10-495F-A11D-F28AFF07E553}.Release|Any CPU.ActiveCfg = Release|Any CPU
		{49BF9122-DB10-495F-A11D-F28AFF07E553}.Release|Any CPU.Build.0 = Release|Any CPU
		{7740DD55-00FA-4B83-B6BF-7AC6D48303F5}.Debug|Any CPU.ActiveCfg = Debug|Any CPU
		{7740DD55-00FA-4B83-B6BF-7AC6D48303F5}.Debug|Any CPU.Build.0 = Debug|Any CPU
		{7740DD55-00FA-4B83-B6BF-7AC6D48303F5}.Release|Any CPU.ActiveCfg = Release|Any CPU
		{7740DD55-00FA-4B83-B6BF-7AC6D48303F5}.Release|Any CPU.Build.0 = Release|Any CPU
	EndGlobalSection
	GlobalSection(SolutionProperties) = preSolution
		HideSolutionNode = FALSE
	EndGlobalSection
	GlobalSection(NestedProjects) = preSolution
		{DFF167F5-4CD4-4677-BA3D-12FA7AEF1918} = {DEF6E2CD-D27B-45F3-A9EA-0436BAB06AD0}
		{B570976C-E645-4A9D-85FF-DBAB692A1800} = {DEF6E2CD-D27B-45F3-A9EA-0436BAB06AD0}
		{9682BD68-7AF7-4D29-B513-7F476CE23C2A} = {DEF6E2CD-D27B-45F3-A9EA-0436BAB06AD0}
		{7724F28C-3568-4FB7-BC5D-CFAD2E17C473} = {DEF6E2CD-D27B-45F3-A9EA-0436BAB06AD0}
		{7B6F7E59-9CCD-466E-A6C1-76A4FA81F77E} = {DEF6E2CD-D27B-45F3-A9EA-0436BAB06AD0}
		{49BF9122-DB10-495F-A11D-F28AFF07E553} = {DEF6E2CD-D27B-45F3-A9EA-0436BAB06AD0}
		{7740DD55-00FA-4B83-B6BF-7AC6D48303F5} = {DEF6E2CD-D27B-45F3-A9EA-0436BAB06AD0}
	EndGlobalSection
EndGlobal
